
Microsoft Visual Studio Solution File, Format Version 12.00
# Visual Studio Version 17
VisualStudioVersion = 17.3.32804.467
MinimumVisualStudioVersion = 10.0.40219.1
Project("{FAE04EC0-301F-11D3-BF4B-00C04F79EFBC}") = "Sort_search", "Sort_search\Sort_search.csproj", "{73231B2C-98BC-4F5F-A974-33734C56C8D0}"
EndProject
Global
	GlobalSection(SolutionConfigurationPlatforms) = preSolution
		Debug|Any CPU = Debug|Any CPU
		Release|Any CPU = Release|Any CPU
	EndGlobalSection
	GlobalSection(ProjectConfigurationPlatforms) = postSolution
		{73231B2C-98BC-4F5F-A974-33734C56C8D0}.Debug|Any CPU.ActiveCfg = Debug|Any CPU
		{73231B2C-98BC-4F5F-A974-33734C56C8D0}.Debug|Any CPU.Build.0 = Debug|Any CPU
		{73231B2C-98BC-4F5F-A974-33734C56C8D0}.Release|Any CPU.ActiveCfg = Release|Any CPU
		{73231B2C-98BC-4F5F-A974-33734C56C8D0}.Release|Any CPU.Build.0 = Release|Any CPU
	EndGlobalSection
	GlobalSection(SolutionProperties) = preSolution
		HideSolutionNode = FALSE
	EndGlobalSection
	GlobalSection(ExtensibilityGlobals) = postSolution
		SolutionGuid = {2C0BBD5C-5280-45D2-8A31-068D9691B224}
	EndGlobalSection
EndGlobal
